// !$*UTF8*$!
{
	archiveVersion = 1;
	classes = {
	};
	objectVersion = 46;
	objects = {

/* Begin PBXBuildFile section */
		794A12D51D191D8D00885999 /* Reflect+ArcFile.swift in Sources */ = {isa = PBXBuildFile; fileRef = 794A12CA1D191D8D00885999 /* Reflect+ArcFile.swift */; };
		794A12D61D191D8D00885999 /* Reflect+Parse.swift in Sources */ = {isa = PBXBuildFile; fileRef = 794A12CC1D191D8D00885999 /* Reflect+Parse.swift */; };
		794A12D71D191D8D00885999 /* Reflect+Convert.swift in Sources */ = {isa = PBXBuildFile; fileRef = 794A12CE1D191D8D00885999 /* Reflect+Convert.swift */; };
		794A12D81D191D8D00885999 /* Reflect+Class.swift in Sources */ = {isa = PBXBuildFile; fileRef = 794A12D01D191D8D00885999 /* Reflect+Class.swift */; };
		794A12D91D191D8D00885999 /* Reflect+Other.swift in Sources */ = {isa = PBXBuildFile; fileRef = 794A12D11D191D8D00885999 /* Reflect+Other.swift */; };
		794A12DA1D191D8D00885999 /* Reflect+Property.swift in Sources */ = {isa = PBXBuildFile; fileRef = 794A12D21D191D8D00885999 /* Reflect+Property.swift */; };
		794A12DB1D191D8D00885999 /* Reflect+Type.swift in Sources */ = {isa = PBXBuildFile; fileRef = 794A12D31D191D8D00885999 /* Reflect+Type.swift */; };
		794A12DC1D191D8D00885999 /* Reflect.swift in Sources */ = {isa = PBXBuildFile; fileRef = 794A12D41D191D8D00885999 /* Reflect.swift */; };
		796220AF1D10E1E8007FD40A /* XNHomeHotView.swift in Sources */ = {isa = PBXBuildFile; fileRef = 796220AE1D10E1E8007FD40A /* XNHomeHotView.swift */; };
		796220B11D10F083007FD40A /* XNHeadResources.swift in Sources */ = {isa = PBXBuildFile; fileRef = 796220B01D10F083007FD40A /* XNHeadResources.swift */; };
		796A91081D09480600FA96C6 /* AppDelegate.swift in Sources */ = {isa = PBXBuildFile; fileRef = 796A91071D09480600FA96C6 /* AppDelegate.swift */; };
		796A91111D09480600FA96C6 /* Assets.xcassets in Resources */ = {isa = PBXBuildFile; fileRef = 796A91101D09480600FA96C6 /* Assets.xcassets */; };
		796A91601D094CCB00FA96C6 /* AD in Resources */ = {isa = PBXBuildFile; fileRef = 796A913E1D094CCB00FA96C6 /* AD */; };
		796A91611D094CCB00FA96C6 /* FocusURL.plist in Resources */ = {isa = PBXBuildFile; fileRef = 796A913F1D094CCB00FA96C6 /* FocusURL.plist */; };
		796A91621D094CCB00FA96C6 /* HelpPlist.plist in Resources */ = {isa = PBXBuildFile; fileRef = 796A91401D094CCB00FA96C6 /* HelpPlist.plist */; };
		796A91631D094CCB00FA96C6 /* Mine in Resources */ = {isa = PBXBuildFile; fileRef = 796A91411D094CCB00FA96C6 /* Mine */; };
		796A91641D094CCB00FA96C6 /* MinePlist.plist in Resources */ = {isa = PBXBuildFile; fileRef = 796A91421D094CCB00FA96C6 /* MinePlist.plist */; };
		796A91651D094CCB00FA96C6 /* MyAdress in Resources */ = {isa = PBXBuildFile; fileRef = 796A91431D094CCB00FA96C6 /* MyAdress */; };
		796A91661D094CCB00FA96C6 /* MyCoupon in Resources */ = {isa = PBXBuildFile; fileRef = 796A91441D094CCB00FA96C6 /* MyCoupon */; };
		796A91671D094CCB00FA96C6 /* MyOrders in Resources */ = {isa = PBXBuildFile; fileRef = 796A91451D094CCB00FA96C6 /* MyOrders */; };
		796A91681D094CCB00FA96C6 /* Search in Resources */ = {isa = PBXBuildFile; fileRef = 796A91461D094CCB00FA96C6 /* Search */; };
		796A91691D094CCB00FA96C6 /* SearchProduct in Resources */ = {isa = PBXBuildFile; fileRef = 796A91471D094CCB00FA96C6 /* SearchProduct */; };
		796A916A1D094CCB00FA96C6 /* supermarket in Resources */ = {isa = PBXBuildFile; fileRef = 796A91481D094CCB00FA96C6 /* supermarket */; };
		796A916B1D094CCB00FA96C6 /* SystemMessage in Resources */ = {isa = PBXBuildFile; fileRef = 796A91491D094CCB00FA96C6 /* SystemMessage */; };
		796A916C1D094CCB00FA96C6 /* UserMessage in Resources */ = {isa = PBXBuildFile; fileRef = 796A914A1D094CCB00FA96C6 /* UserMessage */; };
		796A916D1D094CCB00FA96C6 /* 促销 in Resources */ = {isa = PBXBuildFile; fileRef = 796A914B1D094CCB00FA96C6 /* 促销 */; };
		796A916E1D094CCB00FA96C6 /* 系统消息 in Resources */ = {isa = PBXBuildFile; fileRef = 796A914C1D094CCB00FA96C6 /* 系统消息 */; };
		796A916F1D094CCB00FA96C6 /* 首页新鲜热卖 in Resources */ = {isa = PBXBuildFile; fileRef = 796A914D1D094CCB00FA96C6 /* 首页新鲜热卖 */; };
		796A91701D094CCB00FA96C6 /* 首页焦点按钮 in Resources */ = {isa = PBXBuildFile; fileRef = 796A914E1D094CCB00FA96C6 /* 首页焦点按钮 */; };
		796A91711D094CCB00FA96C6 /* XNHomeController.swift in Sources */ = {isa = PBXBuildFile; fileRef = 796A91531D094CCB00FA96C6 /* XNHomeController.swift */; };
		796A91721D094CCB00FA96C6 /* XNBaseNavController.swift in Sources */ = {isa = PBXBuildFile; fileRef = 796A91551D094CCB00FA96C6 /* XNBaseNavController.swift */; };
		796A91731D094CCB00FA96C6 /* XNMainTabBarController.swift in Sources */ = {isa = PBXBuildFile; fileRef = 796A91561D094CCB00FA96C6 /* XNMainTabBarController.swift */; };
		796A91741D094CCB00FA96C6 /* XNMineViewController.swift in Sources */ = {isa = PBXBuildFile; fileRef = 796A91581D094CCB00FA96C6 /* XNMineViewController.swift */; };
		796A91751D094CCB00FA96C6 /* XNScheduleViewController.swift in Sources */ = {isa = PBXBuildFile; fileRef = 796A915A1D094CCB00FA96C6 /* XNScheduleViewController.swift */; };
		796A91761D094CCB00FA96C6 /* XNShopCartViewController.swift in Sources */ = {isa = PBXBuildFile; fileRef = 796A915C1D094CCB00FA96C6 /* XNShopCartViewController.swift */; };
		796A91771D094CCB00FA96C6 /* XNSupermarketViewController.swift in Sources */ = {isa = PBXBuildFile; fileRef = 796A915E1D094CCB00FA96C6 /* XNSupermarketViewController.swift */; };
		796A91791D0963D600FA96C6 /* Theme.swift in Sources */ = {isa = PBXBuildFile; fileRef = 796A91781D0963D600FA96C6 /* Theme.swift */; };
		796A917D1D09651200FA96C6 /* UIBarButtonItem+Exttension.swift in Sources */ = {isa = PBXBuildFile; fileRef = 796A917C1D09651200FA96C6 /* UIBarButtonItem+Exttension.swift */; };
		796A917F1D096A5800FA96C6 /* XNHomeHeadView.swift in Sources */ = {isa = PBXBuildFile; fileRef = 796A917E1D096A5800FA96C6 /* XNHomeHeadView.swift */; };
		796A91811D096D7000FA96C6 /* XNPageScrollView.swift in Sources */ = {isa = PBXBuildFile; fileRef = 796A91801D096D7000FA96C6 /* XNPageScrollView.swift */; };
		796A91831D09757F00FA96C6 /* UIView+Extension.swift in Sources */ = {isa = PBXBuildFile; fileRef = 796A91821D09757F00FA96C6 /* UIView+Extension.swift */; };
		796DA7891D0E5DA100907775 /* UIButton+Extension.swift in Sources */ = {isa = PBXBuildFile; fileRef = 796DA7881D0E5DA100907775 /* UIButton+Extension.swift */; };
		79986D091D1A9AA300690C5F /* XNFreshHot.swift in Sources */ = {isa = PBXBuildFile; fileRef = 79986D081D1A9AA300690C5F /* XNFreshHot.swift */; };
		79B350FF1D1B87F00032A1F2 /* XNDiscountPriceView.swift in Sources */ = {isa = PBXBuildFile; fileRef = 79B350FE1D1B87F00032A1F2 /* XNDiscountPriceView.swift */; };
		79DFD9761D0E612C00DFCE0E /* XNCustomButton.swift in Sources */ = {isa = PBXBuildFile; fileRef = 79DFD9751D0E612C00DFCE0E /* XNCustomButton.swift */; };
		79DFD9781D0EA72F00DFCE0E /* XNHomeCell.swift in Sources */ = {isa = PBXBuildFile; fileRef = 79DFD9771D0EA72F00DFCE0E /* XNHomeCell.swift */; };
		79DFD97A1D0EA84900DFCE0E /* UIColor+Extension.swift in Sources */ = {isa = PBXBuildFile; fileRef = 79DFD9791D0EA84900DFCE0E /* UIColor+Extension.swift */; };
		79E6ED711D0A704700AA1DFC /* XNMineHeadView.swift in Sources */ = {isa = PBXBuildFile; fileRef = 79E6ED701D0A704700AA1DFC /* XNMineHeadView.swift */; };
		79E6ED751D0A714700AA1DFC /* XNMineTableHeadView.swift in Sources */ = {isa = PBXBuildFile; fileRef = 79E6ED741D0A714700AA1DFC /* XNMineTableHeadView.swift */; };
		79E6ED771D0A71A300AA1DFC /* XNMineCell.swift in Sources */ = {isa = PBXBuildFile; fileRef = 79E6ED761D0A71A300AA1DFC /* XNMineCell.swift */; };
		AEE54DE0F80F13B486C674F0 /* Pods_LoveFreshBeenX.framework in Frameworks */ = {isa = PBXBuildFile; fileRef = AFD676BEE8F2ECEAC13AD6B4 /* Pods_LoveFreshBeenX.framework */; };
/* End PBXBuildFile section */

/* Begin PBXFileReference section */
		033DC6914B92F6253A1FB8A5 /* Pods-LoveFreshBeenX.release.xcconfig */ = {isa = PBXFileReference; includeInIndex = 1; lastKnownFileType = text.xcconfig; name = "Pods-LoveFreshBeenX.release.xcconfig"; path = "Pods/Target Support Files/Pods-LoveFreshBeenX/Pods-LoveFreshBeenX.release.xcconfig"; sourceTree = "<group>"; };
		3EEE3AC178BCDB956D086FFF /* Pods-LoveFreshBeenX.debug.xcconfig */ = {isa = PBXFileReference; includeInIndex = 1; lastKnownFileType = text.xcconfig; name = "Pods-LoveFreshBeenX.debug.xcconfig"; path = "Pods/Target Support Files/Pods-LoveFreshBeenX/Pods-LoveFreshBeenX.debug.xcconfig"; sourceTree = "<group>"; };
		794A12CA1D191D8D00885999 /* Reflect+ArcFile.swift */ = {isa = PBXFileReference; fileEncoding = 4; lastKnownFileType = sourcecode.swift; path = "Reflect+ArcFile.swift"; sourceTree = "<group>"; };
		794A12CC1D191D8D00885999 /* Reflect+Parse.swift */ = {isa = PBXFileReference; fileEncoding = 4; lastKnownFileType = sourcecode.swift; path = "Reflect+Parse.swift"; sourceTree = "<group>"; };
		794A12CE1D191D8D00885999 /* Reflect+Convert.swift */ = {isa = PBXFileReference; fileEncoding = 4; lastKnownFileType = sourcecode.swift; path = "Reflect+Convert.swift"; sourceTree = "<group>"; };
		794A12D01D191D8D00885999 /* Reflect+Class.swift */ = {isa = PBXFileReference; fileEncoding = 4; lastKnownFileType = sourcecode.swift; path = "Reflect+Class.swift"; sourceTree = "<group>"; };
		794A12D11D191D8D00885999 /* Reflect+Other.swift */ = {isa = PBXFileReference; fileEncoding = 4; lastKnownFileType = sourcecode.swift; path = "Reflect+Other.swift"; sourceTree = "<group>"; };
		794A12D21D191D8D00885999 /* Reflect+Property.swift */ = {isa = PBXFileReference; fileEncoding = 4; lastKnownFileType = sourcecode.swift; path = "Reflect+Property.swift"; sourceTree = "<group>"; };
		794A12D31D191D8D00885999 /* Reflect+Type.swift */ = {isa = PBXFileReference; fileEncoding = 4; lastKnownFileType = sourcecode.swift; path = "Reflect+Type.swift"; sourceTree = "<group>"; };
		794A12D41D191D8D00885999 /* Reflect.swift */ = {isa = PBXFileReference; fileEncoding = 4; lastKnownFileType = sourcecode.swift; path = Reflect.swift; sourceTree = "<group>"; };
		796220AE1D10E1E8007FD40A /* XNHomeHotView.swift */ = {isa = PBXFileReference; fileEncoding = 4; lastKnownFileType = sourcecode.swift; path = XNHomeHotView.swift; sourceTree = "<group>"; };
		796220B01D10F083007FD40A /* XNHeadResources.swift */ = {isa = PBXFileReference; fileEncoding = 4; lastKnownFileType = sourcecode.swift; path = XNHeadResources.swift; sourceTree = "<group>"; };
		796A91041D09480600FA96C6 /* LoveFreshBeenX.app */ = {isa = PBXFileReference; explicitFileType = wrapper.application; includeInIndex = 0; path = LoveFreshBeenX.app; sourceTree = BUILT_PRODUCTS_DIR; };
		796A91071D09480600FA96C6 /* AppDelegate.swift */ = {isa = PBXFileReference; lastKnownFileType = sourcecode.swift; path = AppDelegate.swift; sourceTree = "<group>"; };
		796A91101D09480600FA96C6 /* Assets.xcassets */ = {isa = PBXFileReference; lastKnownFileType = folder.assetcatalog; path = Assets.xcassets; sourceTree = "<group>"; };
		796A91151D09480600FA96C6 /* Info.plist */ = {isa = PBXFileReference; lastKnownFileType = text.plist.xml; path = Info.plist; sourceTree = "<group>"; };
		796A913E1D094CCB00FA96C6 /* AD */ = {isa = PBXFileReference; fileEncoding = 4; lastKnownFileType = text; path = AD; sourceTree = "<group>"; };
		796A913F1D094CCB00FA96C6 /* FocusURL.plist */ = {isa = PBXFileReference; fileEncoding = 4; lastKnownFileType = text.plist.xml; path = FocusURL.plist; sourceTree = "<group>"; };
		796A91401D094CCB00FA96C6 /* HelpPlist.plist */ = {isa = PBXFileReference; fileEncoding = 4; lastKnownFileType = text.plist.xml; path = HelpPlist.plist; sourceTree = "<group>"; };
		796A91411D094CCB00FA96C6 /* Mine */ = {isa = PBXFileReference; fileEncoding = 4; lastKnownFileType = text; path = Mine; sourceTree = "<group>"; };
		796A91421D094CCB00FA96C6 /* MinePlist.plist */ = {isa = PBXFileReference; fileEncoding = 4; lastKnownFileType = text.plist.xml; path = MinePlist.plist; sourceTree = "<group>"; };
		796A91431D094CCB00FA96C6 /* MyAdress */ = {isa = PBXFileReference; fileEncoding = 4; lastKnownFileType = text; path = MyAdress; sourceTree = "<group>"; };
		796A91441D094CCB00FA96C6 /* MyCoupon */ = {isa = PBXFileReference; fileEncoding = 4; lastKnownFileType = text; path = MyCoupon; sourceTree = "<group>"; };
		796A91451D094CCB00FA96C6 /* MyOrders */ = {isa = PBXFileReference; fileEncoding = 4; lastKnownFileType = text; path = MyOrders; sourceTree = "<group>"; };
		796A91461D094CCB00FA96C6 /* Search */ = {isa = PBXFileReference; fileEncoding = 4; lastKnownFileType = text; path = Search; sourceTree = "<group>"; };
		796A91471D094CCB00FA96C6 /* SearchProduct */ = {isa = PBXFileReference; fileEncoding = 4; lastKnownFileType = text; path = SearchProduct; sourceTree = "<group>"; };
		796A91481D094CCB00FA96C6 /* supermarket */ = {isa = PBXFileReference; fileEncoding = 4; lastKnownFileType = text; path = supermarket; sourceTree = "<group>"; };
		796A91491D094CCB00FA96C6 /* SystemMessage */ = {isa = PBXFileReference; fileEncoding = 4; lastKnownFileType = text; path = SystemMessage; sourceTree = "<group>"; };
		796A914A1D094CCB00FA96C6 /* UserMessage */ = {isa = PBXFileReference; fileEncoding = 4; lastKnownFileType = text; path = UserMessage; sourceTree = "<group>"; };
		796A914B1D094CCB00FA96C6 /* 促销 */ = {isa = PBXFileReference; fileEncoding = 4; lastKnownFileType = text; path = "促销"; sourceTree = "<group>"; };
		796A914C1D094CCB00FA96C6 /* 系统消息 */ = {isa = PBXFileReference; fileEncoding = 4; lastKnownFileType = text; path = "系统消息"; sourceTree = "<group>"; };
		796A914D1D094CCB00FA96C6 /* 首页新鲜热卖 */ = {isa = PBXFileReference; fileEncoding = 4; lastKnownFileType = text; path = "首页新鲜热卖"; sourceTree = "<group>"; };
		796A914E1D094CCB00FA96C6 /* 首页焦点按钮 */ = {isa = PBXFileReference; fileEncoding = 4; lastKnownFileType = text; path = "首页焦点按钮"; sourceTree = "<group>"; };
		796A91531D094CCB00FA96C6 /* XNHomeController.swift */ = {isa = PBXFileReference; fileEncoding = 4; lastKnownFileType = sourcecode.swift; path = XNHomeController.swift; sourceTree = "<group>"; };
		796A91551D094CCB00FA96C6 /* XNBaseNavController.swift */ = {isa = PBXFileReference; fileEncoding = 4; lastKnownFileType = sourcecode.swift; path = XNBaseNavController.swift; sourceTree = "<group>"; };
		796A91561D094CCB00FA96C6 /* XNMainTabBarController.swift */ = {isa = PBXFileReference; fileEncoding = 4; lastKnownFileType = sourcecode.swift; path = XNMainTabBarController.swift; sourceTree = "<group>"; };
		796A91581D094CCB00FA96C6 /* XNMineViewController.swift */ = {isa = PBXFileReference; fileEncoding = 4; lastKnownFileType = sourcecode.swift; path = XNMineViewController.swift; sourceTree = "<group>"; };
		796A915A1D094CCB00FA96C6 /* XNScheduleViewController.swift */ = {isa = PBXFileReference; fileEncoding = 4; lastKnownFileType = sourcecode.swift; path = XNScheduleViewController.swift; sourceTree = "<group>"; };
		796A915C1D094CCB00FA96C6 /* XNShopCartViewController.swift */ = {isa = PBXFileReference; fileEncoding = 4; lastKnownFileType = sourcecode.swift; path = XNShopCartViewController.swift; sourceTree = "<group>"; };
		796A915E1D094CCB00FA96C6 /* XNSupermarketViewController.swift */ = {isa = PBXFileReference; fileEncoding = 4; lastKnownFileType = sourcecode.swift; path = XNSupermarketViewController.swift; sourceTree = "<group>"; };
		796A91781D0963D600FA96C6 /* Theme.swift */ = {isa = PBXFileReference; fileEncoding = 4; lastKnownFileType = sourcecode.swift; path = Theme.swift; sourceTree = "<group>"; };
		796A917C1D09651200FA96C6 /* UIBarButtonItem+Exttension.swift */ = {isa = PBXFileReference; fileEncoding = 4; lastKnownFileType = sourcecode.swift; path = "UIBarButtonItem+Exttension.swift"; sourceTree = "<group>"; };
		796A917E1D096A5800FA96C6 /* XNHomeHeadView.swift */ = {isa = PBXFileReference; fileEncoding = 4; lastKnownFileType = sourcecode.swift; path = XNHomeHeadView.swift; sourceTree = "<group>"; };
		796A91801D096D7000FA96C6 /* XNPageScrollView.swift */ = {isa = PBXFileReference; fileEncoding = 4; lastKnownFileType = sourcecode.swift; path = XNPageScrollView.swift; sourceTree = "<group>"; };
		796A91821D09757F00FA96C6 /* UIView+Extension.swift */ = {isa = PBXFileReference; fileEncoding = 4; lastKnownFileType = sourcecode.swift; path = "UIView+Extension.swift"; sourceTree = "<group>"; };
		796DA7881D0E5DA100907775 /* UIButton+Extension.swift */ = {isa = PBXFileReference; fileEncoding = 4; lastKnownFileType = sourcecode.swift; path = "UIButton+Extension.swift"; sourceTree = "<group>"; };
		79986D081D1A9AA300690C5F /* XNFreshHot.swift */ = {isa = PBXFileReference; fileEncoding = 4; lastKnownFileType = sourcecode.swift; path = XNFreshHot.swift; sourceTree = "<group>"; };
		79B350FE1D1B87F00032A1F2 /* XNDiscountPriceView.swift */ = {isa = PBXFileReference; fileEncoding = 4; lastKnownFileType = sourcecode.swift; path = XNDiscountPriceView.swift; sourceTree = "<group>"; };
		79DFD9751D0E612C00DFCE0E /* XNCustomButton.swift */ = {isa = PBXFileReference; fileEncoding = 4; lastKnownFileType = sourcecode.swift; path = XNCustomButton.swift; sourceTree = "<group>"; };
		79DFD9771D0EA72F00DFCE0E /* XNHomeCell.swift */ = {isa = PBXFileReference; fileEncoding = 4; lastKnownFileType = sourcecode.swift; path = XNHomeCell.swift; sourceTree = "<group>"; };
		79DFD9791D0EA84900DFCE0E /* UIColor+Extension.swift */ = {isa = PBXFileReference; fileEncoding = 4; lastKnownFileType = sourcecode.swift; path = "UIColor+Extension.swift"; sourceTree = "<group>"; };
		79E6ED701D0A704700AA1DFC /* XNMineHeadView.swift */ = {isa = PBXFileReference; fileEncoding = 4; lastKnownFileType = sourcecode.swift; path = XNMineHeadView.swift; sourceTree = "<group>"; };
		79E6ED741D0A714700AA1DFC /* XNMineTableHeadView.swift */ = {isa = PBXFileReference; fileEncoding = 4; lastKnownFileType = sourcecode.swift; path = XNMineTableHeadView.swift; sourceTree = "<group>"; };
		79E6ED761D0A71A300AA1DFC /* XNMineCell.swift */ = {isa = PBXFileReference; fileEncoding = 4; lastKnownFileType = sourcecode.swift; path = XNMineCell.swift; sourceTree = "<group>"; };
		AFD676BEE8F2ECEAC13AD6B4 /* Pods_LoveFreshBeenX.framework */ = {isa = PBXFileReference; explicitFileType = wrapper.framework; includeInIndex = 0; path = Pods_LoveFreshBeenX.framework; sourceTree = BUILT_PRODUCTS_DIR; };
/* End PBXFileReference section */

/* Begin PBXFrameworksBuildPhase section */
		796A91011D09480600FA96C6 /* Frameworks */ = {
			isa = PBXFrameworksBuildPhase;
			buildActionMask = 2147483647;
			files = (
				AEE54DE0F80F13B486C674F0 /* Pods_LoveFreshBeenX.framework in Frameworks */,
			);
			runOnlyForDeploymentPostprocessing = 0;
		};
/* End PBXFrameworksBuildPhase section */

/* Begin PBXGroup section */
		5E422B64813339C6F94C0634 /* Pods */ = {
			isa = PBXGroup;
			children = (
				3EEE3AC178BCDB956D086FFF /* Pods-LoveFreshBeenX.debug.xcconfig */,
				033DC6914B92F6253A1FB8A5 /* Pods-LoveFreshBeenX.release.xcconfig */,
			);
			name = Pods;
			sourceTree = "<group>";
		};
		794A12C81D191D8D00885999 /* Reflect */ = {
			isa = PBXGroup;
			children = (
				794A12C91D191D8D00885999 /* Coding */,
				794A12CB1D191D8D00885999 /* Dict2Model */,
				794A12CD1D191D8D00885999 /* Model2Dict */,
				794A12CF1D191D8D00885999 /* Reflect */,
				794A12D41D191D8D00885999 /* Reflect.swift */,
			);
			path = Reflect;
			sourceTree = "<group>";
		};
		794A12C91D191D8D00885999 /* Coding */ = {
			isa = PBXGroup;
			children = (
				794A12CA1D191D8D00885999 /* Reflect+ArcFile.swift */,
			);
			path = Coding;
			sourceTree = "<group>";
		};
		794A12CB1D191D8D00885999 /* Dict2Model */ = {
			isa = PBXGroup;
			children = (
				794A12CC1D191D8D00885999 /* Reflect+Parse.swift */,
			);
			path = Dict2Model;
			sourceTree = "<group>";
		};
		794A12CD1D191D8D00885999 /* Model2Dict */ = {
			isa = PBXGroup;
			children = (
				794A12CE1D191D8D00885999 /* Reflect+Convert.swift */,
			);
			path = Model2Dict;
			sourceTree = "<group>";
		};
		794A12CF1D191D8D00885999 /* Reflect */ = {
			isa = PBXGroup;
			children = (
				794A12D01D191D8D00885999 /* Reflect+Class.swift */,
				794A12D11D191D8D00885999 /* Reflect+Other.swift */,
				794A12D21D191D8D00885999 /* Reflect+Property.swift */,
				794A12D31D191D8D00885999 /* Reflect+Type.swift */,
			);
			path = Reflect;
			sourceTree = "<group>";
		};
		796A90FB1D09480600FA96C6 = {
			isa = PBXGroup;
			children = (
				796A91061D09480600FA96C6 /* LoveFreshBeenX */,
				796A91051D09480600FA96C6 /* Products */,
				5E422B64813339C6F94C0634 /* Pods */,
				A8DA01AFEC2B11A821AA7CAE /* Frameworks */,
			);
			sourceTree = "<group>";
		};
		796A91051D09480600FA96C6 /* Products */ = {
			isa = PBXGroup;
			children = (
				796A91041D09480600FA96C6 /* LoveFreshBeenX.app */,
			);
			name = Products;
			sourceTree = "<group>";
		};
		796A91061D09480600FA96C6 /* LoveFreshBeenX */ = {
			isa = PBXGroup;
			children = (
				796A91071D09480600FA96C6 /* AppDelegate.swift */,
				796A913B1D094CCB00FA96C6 /* Class */,
				796A91101D09480600FA96C6 /* Assets.xcassets */,
				796A91151D09480600FA96C6 /* Info.plist */,
			);
			path = LoveFreshBeenX;
			sourceTree = "<group>";
		};
		796A913B1D094CCB00FA96C6 /* Class */ = {
			isa = PBXGroup;
			children = (
				796A913C1D094CCB00FA96C6 /* Model */,
				796A913D1D094CCB00FA96C6 /* Resouce */,
				796A91501D094CCB00FA96C6 /* Tools */,
				796A91511D094CCB00FA96C6 /* View */,
				796A915F1D094CCB00FA96C6 /* ViewModel */,
			);
			path = Class;
			sourceTree = "<group>";
		};
		796A913C1D094CCB00FA96C6 /* Model */ = {
			isa = PBXGroup;
			children = (
				796220B01D10F083007FD40A /* XNHeadResources.swift */,
				79986D081D1A9AA300690C5F /* XNFreshHot.swift */,
			);
			path = Model;
			sourceTree = "<group>";
		};
		796A913D1D094CCB00FA96C6 /* Resouce */ = {
			isa = PBXGroup;
			children = (
				796A913E1D094CCB00FA96C6 /* AD */,
				796A913F1D094CCB00FA96C6 /* FocusURL.plist */,
				796A91401D094CCB00FA96C6 /* HelpPlist.plist */,
				796A91411D094CCB00FA96C6 /* Mine */,
				796A91421D094CCB00FA96C6 /* MinePlist.plist */,
				796A91431D094CCB00FA96C6 /* MyAdress */,
				796A91441D094CCB00FA96C6 /* MyCoupon */,
				796A91451D094CCB00FA96C6 /* MyOrders */,
				796A91461D094CCB00FA96C6 /* Search */,
				796A91471D094CCB00FA96C6 /* SearchProduct */,
				796A91481D094CCB00FA96C6 /* supermarket */,
				796A91491D094CCB00FA96C6 /* SystemMessage */,
				796A914A1D094CCB00FA96C6 /* UserMessage */,
				796A914B1D094CCB00FA96C6 /* 促销 */,
				796A914C1D094CCB00FA96C6 /* 系统消息 */,
				796A914D1D094CCB00FA96C6 /* 首页新鲜热卖 */,
				796A914E1D094CCB00FA96C6 /* 首页焦点按钮 */,
			);
			path = Resouce;
			sourceTree = "<group>";
		};
		796A91501D094CCB00FA96C6 /* Tools */ = {
			isa = PBXGroup;
			children = (
				794A12C81D191D8D00885999 /* Reflect */,
				796A91821D09757F00FA96C6 /* UIView+Extension.swift */,
				796A91781D0963D600FA96C6 /* Theme.swift */,
				796A917C1D09651200FA96C6 /* UIBarButtonItem+Exttension.swift */,
				796DA7881D0E5DA100907775 /* UIButton+Extension.swift */,
				79DFD9791D0EA84900DFCE0E /* UIColor+Extension.swift */,
			);
			path = Tools;
			sourceTree = "<group>";
		};
		796A91511D094CCB00FA96C6 /* View */ = {
			isa = PBXGroup;
			children = (
				796A91521D094CCB00FA96C6 /* Home */,
				796A91541D094CCB00FA96C6 /* LFBBase */,
				796A91571D094CCB00FA96C6 /* Mine */,
				796A91591D094CCB00FA96C6 /* Schedule */,
				796A915B1D094CCB00FA96C6 /* ShopCart */,
				796A915D1D094CCB00FA96C6 /* Supermarket */,
			);
			path = View;
			sourceTree = "<group>";
		};
		796A91521D094CCB00FA96C6 /* Home */ = {
			isa = PBXGroup;
			children = (
				796A91531D094CCB00FA96C6 /* XNHomeController.swift */,
				796A917E1D096A5800FA96C6 /* XNHomeHeadView.swift */,
				796A91801D096D7000FA96C6 /* XNPageScrollView.swift */,
				796220AE1D10E1E8007FD40A /* XNHomeHotView.swift */,
				79DFD9771D0EA72F00DFCE0E /* XNHomeCell.swift */,
				79B350FE1D1B87F00032A1F2 /* XNDiscountPriceView.swift */,
			);
			path = Home;
			sourceTree = "<group>";
		};
		796A91541D094CCB00FA96C6 /* LFBBase */ = {
			isa = PBXGroup;
			children = (
				796A91551D094CCB00FA96C6 /* XNBaseNavController.swift */,
				796A91561D094CCB00FA96C6 /* XNMainTabBarController.swift */,
				79DFD9751D0E612C00DFCE0E /* XNCustomButton.swift */,
			);
			path = LFBBase;
			sourceTree = "<group>";
		};
		796A91571D094CCB00FA96C6 /* Mine */ = {
			isa = PBXGroup;
			children = (
				796A91581D094CCB00FA96C6 /* XNMineViewController.swift */,
				79E6ED701D0A704700AA1DFC /* XNMineHeadView.swift */,
				79E6ED741D0A714700AA1DFC /* XNMineTableHeadView.swift */,
				79E6ED761D0A71A300AA1DFC /* XNMineCell.swift */,
			);
			path = Mine;
			sourceTree = "<group>";
		};
		796A91591D094CCB00FA96C6 /* Schedule */ = {
			isa = PBXGroup;
			children = (
				796A915A1D094CCB00FA96C6 /* XNScheduleViewController.swift */,
			);
			path = Schedule;
			sourceTree = "<group>";
		};
		796A915B1D094CCB00FA96C6 /* ShopCart */ = {
			isa = PBXGroup;
			children = (
				796A915C1D094CCB00FA96C6 /* XNShopCartViewController.swift */,
			);
			path = ShopCart;
			sourceTree = "<group>";
		};
		796A915D1D094CCB00FA96C6 /* Supermarket */ = {
			isa = PBXGroup;
			children = (
				796A915E1D094CCB00FA96C6 /* XNSupermarketViewController.swift */,
			);
			path = Supermarket;
			sourceTree = "<group>";
		};
		796A915F1D094CCB00FA96C6 /* ViewModel */ = {
			isa = PBXGroup;
			children = (
			);
			path = ViewModel;
			sourceTree = "<group>";
		};
		A8DA01AFEC2B11A821AA7CAE /* Frameworks */ = {
			isa = PBXGroup;
			children = (
				AFD676BEE8F2ECEAC13AD6B4 /* Pods_LoveFreshBeenX.framework */,
			);
			name = Frameworks;
			sourceTree = "<group>";
		};
/* End PBXGroup section */

/* Begin PBXNativeTarget section */
		796A91031D09480600FA96C6 /* LoveFreshBeenX */ = {
			isa = PBXNativeTarget;
			buildConfigurationList = 796A91181D09480600FA96C6 /* Build configuration list for PBXNativeTarget "LoveFreshBeenX" */;
			buildPhases = (
				9FB9F1967D7B54829674C615 /* 📦 Check Pods Manifest.lock */,
				796A91001D09480600FA96C6 /* Sources */,
				796A91011D09480600FA96C6 /* Frameworks */,
				796A91021D09480600FA96C6 /* Resources */,
				34D10C415612AAC79C8368B2 /* 📦 Embed Pods Frameworks */,
				91F3435655D59565AD1A6942 /* 📦 Copy Pods Resources */,
			);
			buildRules = (
			);
			dependencies = (
			);
			name = LoveFreshBeenX;
			productName = LoveFreshBeenX;
			productReference = 796A91041D09480600FA96C6 /* LoveFreshBeenX.app */;
			productType = "com.apple.product-type.application";
		};
/* End PBXNativeTarget section */

/* Begin PBXProject section */
		796A90FC1D09480600FA96C6 /* Project object */ = {
			isa = PBXProject;
			attributes = {
				CLASSPREFIX = XN;
				LastSwiftUpdateCheck = 0730;
				LastUpgradeCheck = 0730;
				ORGANIZATIONNAME = hus;
				TargetAttributes = {
					796A91031D09480600FA96C6 = {
						CreatedOnToolsVersion = 7.3.1;
						DevelopmentTeam = J7H6SN66AX;
					};
				};
			};
			buildConfigurationList = 796A90FF1D09480600FA96C6 /* Build configuration list for PBXProject "LoveFreshBeenX" */;
			compatibilityVersion = "Xcode 3.2";
			developmentRegion = English;
			hasScannedForEncodings = 0;
			knownRegions = (
				en,
				Base,
			);
			mainGroup = 796A90FB1D09480600FA96C6;
			productRefGroup = 796A91051D09480600FA96C6 /* Products */;
			projectDirPath = "";
			projectRoot = "";
			targets = (
				796A91031D09480600FA96C6 /* LoveFreshBeenX */,
			);
		};
/* End PBXProject section */

/* Begin PBXResourcesBuildPhase section */
		796A91021D09480600FA96C6 /* Resources */ = {
			isa = PBXResourcesBuildPhase;
			buildActionMask = 2147483647;
			files = (
				796A91651D094CCB00FA96C6 /* MyAdress in Resources */,
				796A91611D094CCB00FA96C6 /* FocusURL.plist in Resources */,
				796A91111D09480600FA96C6 /* Assets.xcassets in Resources */,
				796A916B1D094CCB00FA96C6 /* SystemMessage in Resources */,
				796A916D1D094CCB00FA96C6 /* 促销 in Resources */,
				796A916E1D094CCB00FA96C6 /* 系统消息 in Resources */,
				796A91691D094CCB00FA96C6 /* SearchProduct in Resources */,
				796A91631D094CCB00FA96C6 /* Mine in Resources */,
				796A91661D094CCB00FA96C6 /* MyCoupon in Resources */,
				796A916A1D094CCB00FA96C6 /* supermarket in Resources */,
				796A91671D094CCB00FA96C6 /* MyOrders in Resources */,
				796A916F1D094CCB00FA96C6 /* 首页新鲜热卖 in Resources */,
				796A91681D094CCB00FA96C6 /* Search in Resources */,
				796A91701D094CCB00FA96C6 /* 首页焦点按钮 in Resources */,
				796A91621D094CCB00FA96C6 /* HelpPlist.plist in Resources */,
				796A91641D094CCB00FA96C6 /* MinePlist.plist in Resources */,
				796A91601D094CCB00FA96C6 /* AD in Resources */,
				796A916C1D094CCB00FA96C6 /* UserMessage in Resources */,
			);
			runOnlyForDeploymentPostprocessing = 0;
		};
/* End PBXResourcesBuildPhase section */

/* Begin PBXShellScriptBuildPhase section */
		34D10C415612AAC79C8368B2 /* 📦 Embed Pods Frameworks */ = {
			isa = PBXShellScriptBuildPhase;
			buildActionMask = 2147483647;
			files = (
			);
			inputPaths = (
			);
			name = "📦 Embed Pods Frameworks";
			outputPaths = (
			);
			runOnlyForDeploymentPostprocessing = 0;
			shellPath = /bin/sh;
			shellScript = "\"${SRCROOT}/Pods/Target Support Files/Pods-LoveFreshBeenX/Pods-LoveFreshBeenX-frameworks.sh\"\n";
			showEnvVarsInLog = 0;
		};
		91F3435655D59565AD1A6942 /* 📦 Copy Pods Resources */ = {
			isa = PBXShellScriptBuildPhase;
			buildActionMask = 2147483647;
			files = (
			);
			inputPaths = (
			);
			name = "📦 Copy Pods Resources";
			outputPaths = (
			);
			runOnlyForDeploymentPostprocessing = 0;
			shellPath = /bin/sh;
			shellScript = "\"${SRCROOT}/Pods/Target Support Files/Pods-LoveFreshBeenX/Pods-LoveFreshBeenX-resources.sh\"\n";
			showEnvVarsInLog = 0;
		};
		9FB9F1967D7B54829674C615 /* 📦 Check Pods Manifest.lock */ = {
			isa = PBXShellScriptBuildPhase;
			buildActionMask = 2147483647;
			files = (
			);
			inputPaths = (
			);
			name = "📦 Check Pods Manifest.lock";
			outputPaths = (
			);
			runOnlyForDeploymentPostprocessing = 0;
			shellPath = /bin/sh;
			shellScript = "diff \"${PODS_ROOT}/../Podfile.lock\" \"${PODS_ROOT}/Manifest.lock\" > /dev/null\nif [[ $? != 0 ]] ; then\n    cat << EOM\nerror: The sandbox is not in sync with the Podfile.lock. Run 'pod install' or update your CocoaPods installation.\nEOM\n    exit 1\nfi\n";
			showEnvVarsInLog = 0;
		};
/* End PBXShellScriptBuildPhase section */

/* Begin PBXSourcesBuildPhase section */
		796A91001D09480600FA96C6 /* Sources */ = {
			isa = PBXSourcesBuildPhase;
			buildActionMask = 2147483647;
			files = (
				796220AF1D10E1E8007FD40A /* XNHomeHotView.swift in Sources */,
				794A12D61D191D8D00885999 /* Reflect+Parse.swift in Sources */,
				794A12D71D191D8D00885999 /* Reflect+Convert.swift in Sources */,
				796A917D1D09651200FA96C6 /* UIBarButtonItem+Exttension.swift in Sources */,
				796A91831D09757F00FA96C6 /* UIView+Extension.swift in Sources */,
				794A12D91D191D8D00885999 /* Reflect+Other.swift in Sources */,
				79986D091D1A9AA300690C5F /* XNFreshHot.swift in Sources */,
				79DFD9761D0E612C00DFCE0E /* XNCustomButton.swift in Sources */,
				794A12D51D191D8D00885999 /* Reflect+ArcFile.swift in Sources */,
				796A917F1D096A5800FA96C6 /* XNHomeHeadView.swift in Sources */,
				796DA7891D0E5DA100907775 /* UIButton+Extension.swift in Sources */,
				796A91791D0963D600FA96C6 /* Theme.swift in Sources */,
				794A12D81D191D8D00885999 /* Reflect+Class.swift in Sources */,
				796A91731D094CCB00FA96C6 /* XNMainTabBarController.swift in Sources */,
				794A12DB1D191D8D00885999 /* Reflect+Type.swift in Sources */,
				79E6ED751D0A714700AA1DFC /* XNMineTableHeadView.swift in Sources */,
				796A91711D094CCB00FA96C6 /* XNHomeController.swift in Sources */,
				79B350FF1D1B87F00032A1F2 /* XNDiscountPriceView.swift in Sources */,
				796A91771D094CCB00FA96C6 /* XNSupermarketViewController.swift in Sources */,
				79DFD9781D0EA72F00DFCE0E /* XNHomeCell.swift in Sources */,
				796A91751D094CCB00FA96C6 /* XNScheduleViewController.swift in Sources */,
				794A12DA1D191D8D00885999 /* Reflect+Property.swift in Sources */,
				796220B11D10F083007FD40A /* XNHeadResources.swift in Sources */,
				794A12DC1D191D8D00885999 /* Reflect.swift in Sources */,
				796A91721D094CCB00FA96C6 /* XNBaseNavController.swift in Sources */,
				79E6ED771D0A71A300AA1DFC /* XNMineCell.swift in Sources */,
				796A91761D094CCB00FA96C6 /* XNShopCartViewController.swift in Sources */,
				796A91741D094CCB00FA96C6 /* XNMineViewController.swift in Sources */,
				79E6ED711D0A704700AA1DFC /* XNMineHeadView.swift in Sources */,
				796A91811D096D7000FA96C6 /* XNPageScrollView.swift in Sources */,
				796A91081D09480600FA96C6 /* AppDelegate.swift in Sources */,
				79DFD97A1D0EA84900DFCE0E /* UIColor+Extension.swift in Sources */,
			);
			runOnlyForDeploymentPostprocessing = 0;
		};
/* End PBXSourcesBuildPhase section */

/* Begin XCBuildConfiguration section */
		796A91161D09480600FA96C6 /* Debug */ = {
			isa = XCBuildConfiguration;
			buildSettings = {
				ALWAYS_SEARCH_USER_PATHS = NO;
				CLANG_ANALYZER_NONNULL = YES;
				CLANG_CXX_LANGUAGE_STANDARD = "gnu++0x";
				CLANG_CXX_LIBRARY = "libc++";
				CLANG_ENABLE_MODULES = YES;
				CLANG_ENABLE_OBJC_ARC = YES;
				CLANG_WARN_BOOL_CONVERSION = YES;
				CLANG_WARN_CONSTANT_CONVERSION = YES;
				CLANG_WARN_DIRECT_OBJC_ISA_USAGE = YES_ERROR;
				CLANG_WARN_EMPTY_BODY = YES;
				CLANG_WARN_ENUM_CONVERSION = YES;
				CLANG_WARN_INT_CONVERSION = YES;
				CLANG_WARN_OBJC_ROOT_CLASS = YES_ERROR;
				CLANG_WARN_UNREACHABLE_CODE = YES;
				CLANG_WARN__DUPLICATE_METHOD_MATCH = YES;
				"CODE_SIGN_IDENTITY[sdk=iphoneos*]" = "iPhone Developer";
				COPY_PHASE_STRIP = NO;
				DEBUG_INFORMATION_FORMAT = dwarf;
				ENABLE_STRICT_OBJC_MSGSEND = YES;
				ENABLE_TESTABILITY = YES;
				GCC_C_LANGUAGE_STANDARD = gnu99;
				GCC_DYNAMIC_NO_PIC = NO;
				GCC_NO_COMMON_BLOCKS = YES;
				GCC_OPTIMIZATION_LEVEL = 0;
				GCC_PREPROCESSOR_DEFINITIONS = (
					"DEBUG=1",
					"$(inherited)",
				);
				GCC_WARN_64_TO_32_BIT_CONVERSION = YES;
				GCC_WARN_ABOUT_RETURN_TYPE = YES_ERROR;
				GCC_WARN_UNDECLARED_SELECTOR = YES;
				GCC_WARN_UNINITIALIZED_AUTOS = YES_AGGRESSIVE;
				GCC_WARN_UNUSED_FUNCTION = YES;
				GCC_WARN_UNUSED_VARIABLE = YES;
				IPHONEOS_DEPLOYMENT_TARGET = 9.3;
				MTL_ENABLE_DEBUG_INFO = YES;
				ONLY_ACTIVE_ARCH = YES;
				SDKROOT = iphoneos;
				SWIFT_OPTIMIZATION_LEVEL = "-Onone";
			};
			name = Debug;
		};
		796A91171D09480600FA96C6 /* Release */ = {
			isa = XCBuildConfiguration;
			buildSettings = {
				ALWAYS_SEARCH_USER_PATHS = NO;
				CLANG_ANALYZER_NONNULL = YES;
				CLANG_CXX_LANGUAGE_STANDARD = "gnu++0x";
				CLANG_CXX_LIBRARY = "libc++";
				CLANG_ENABLE_MODULES = YES;
				CLANG_ENABLE_OBJC_ARC = YES;
				CLANG_WARN_BOOL_CONVERSION = YES;
				CLANG_WARN_CONSTANT_CONVERSION = YES;
				CLANG_WARN_DIRECT_OBJC_ISA_USAGE = YES_ERROR;
				CLANG_WARN_EMPTY_BODY = YES;
				CLANG_WARN_ENUM_CONVERSION = YES;
				CLANG_WARN_INT_CONVERSION = YES;
				CLANG_WARN_OBJC_ROOT_CLASS = YES_ERROR;
				CLANG_WARN_UNREACHABLE_CODE = YES;
				CLANG_WARN__DUPLICATE_METHOD_MATCH = YES;
				"CODE_SIGN_IDENTITY[sdk=iphoneos*]" = "iPhone Developer";
				COPY_PHASE_STRIP = NO;
				DEBUG_INFORMATION_FORMAT = "dwarf-with-dsym";
				ENABLE_NS_ASSERTIONS = NO;
				ENABLE_STRICT_OBJC_MSGSEND = YES;
				GCC_C_LANGUAGE_STANDARD = gnu99;
				GCC_NO_COMMON_BLOCKS = YES;
				GCC_WARN_64_TO_32_BIT_CONVERSION = YES;
				GCC_WARN_ABOUT_RETURN_TYPE = YES_ERROR;
				GCC_WARN_UNDECLARED_SELECTOR = YES;
				GCC_WARN_UNINITIALIZED_AUTOS = YES_AGGRESSIVE;
				GCC_WARN_UNUSED_FUNCTION = YES;
				GCC_WARN_UNUSED_VARIABLE = YES;
				IPHONEOS_DEPLOYMENT_TARGET = 9.3;
				MTL_ENABLE_DEBUG_INFO = NO;
				SDKROOT = iphoneos;
				VALIDATE_PRODUCT = YES;
			};
			name = Release;
		};
		796A91191D09480600FA96C6 /* Debug */ = {
			isa = XCBuildConfiguration;
			baseConfigurationReference = 3EEE3AC178BCDB956D086FFF /* Pods-LoveFreshBeenX.debug.xcconfig */;
			buildSettings = {
				ASSETCATALOG_COMPILER_APPICON_NAME = AppIcon;
				ASSETCATALOG_COMPILER_LAUNCHIMAGE_NAME = "Brand Assets";
				CODE_SIGN_IDENTITY = "iPhone Developer";
				"CODE_SIGN_IDENTITY[sdk=iphoneos*]" = "iPhone Developer";
				INFOPLIST_FILE = LoveFreshBeenX/Info.plist;
				IPHONEOS_DEPLOYMENT_TARGET = 8.0;
				LD_RUNPATH_SEARCH_PATHS = "$(inherited) @executable_path/Frameworks";
				PRODUCT_BUNDLE_IDENTIFIER = com.tsuios.hsu;
				PRODUCT_NAME = "$(TARGET_NAME)";
				PROVISIONING_PROFILE = "";
			};
			name = Debug;
		};
		796A911A1D09480600FA96C6 /* Release */ = {
			isa = XCBuildConfiguration;
			baseConfigurationReference = 033DC6914B92F6253A1FB8A5 /* Pods-LoveFreshBeenX.release.xcconfig */;
			buildSettings = {
				ASSETCATALOG_COMPILER_APPICON_NAME = AppIcon;
				ASSETCATALOG_COMPILER_LAUNCHIMAGE_NAME = "Brand Assets";
				CODE_SIGN_IDENTITY = "iPhone Developer";
				"CODE_SIGN_IDENTITY[sdk=iphoneos*]" = "iPhone Developer";
				INFOPLIST_FILE = LoveFreshBeenX/Info.plist;
				IPHONEOS_DEPLOYMENT_TARGET = 8.0;
				LD_RUNPATH_SEARCH_PATHS = "$(inherited) @executable_path/Frameworks";
				PRODUCT_BUNDLE_IDENTIFIER = com.tsuios.hsu;
				PRODUCT_NAME = "$(TARGET_NAME)";
				PROVISIONING_PROFILE = "";
			};
			name = Release;
		};
/* End XCBuildConfiguration section */

/* Begin XCConfigurationList section */
		796A90FF1D09480600FA96C6 /* Build configuration list for PBXProject "LoveFreshBeenX" */ = {
			isa = XCConfigurationList;
			buildConfigurations = (
				796A91161D09480600FA96C6 /* Debug */,
				796A91171D09480600FA96C6 /* Release */,
			);
			defaultConfigurationIsVisible = 0;
			defaultConfigurationName = Release;
		};
		796A91181D09480600FA96C6 /* Build configuration list for PBXNativeTarget "LoveFreshBeenX" */ = {
			isa = XCConfigurationList;
			buildConfigurations = (
				796A91191D09480600FA96C6 /* Debug */,
				796A911A1D09480600FA96C6 /* Release */,
			);
			defaultConfigurationIsVisible = 0;
			defaultConfigurationName = Release;
		};
/* End XCConfigurationList section */
	};
	rootObject = 796A90FC1D09480600FA96C6 /* Project object */;
}
